
Microsoft Visual Studio Solution File, Format Version 12.00
# Visual Studio 14
VisualStudioVersion = 14.0.25420.1
MinimumVisualStudioVersion = 10.0.40219.1
Project("{8BC9CEB8-8B4A-11D0-8D11-00A0C91BC942}") = "Bai1", "Tuan1\Tuan1.vcxproj", "{A6BE551A-0A12-4BB8-A518-9295A142F433}"
EndProject
Project("{8BC9CEB8-8B4A-11D0-8D11-00A0C91BC942}") = "Bai2", "Bai1\Bai1.vcxproj", "{2AF10248-3FBB-4FA8-ACC3-B59BC23552C9}"
EndProject
Project("{8BC9CEB8-8B4A-11D0-8D11-00A0C91BC942}") = "Bai3", "Bai3\Bai3.vcxproj", "{7CC96580-2FDC-4803-8610-882352BFE347}"
EndProject
Project("{8BC9CEB8-8B4A-11D0-8D11-00A0C91BC942}") = "Bai4", "Bai4\Bai4.vcxproj", "{A4A2D6FE-1987-42CA-8386-E0F43DBD87DD}"
EndProject
Project("{8BC9CEB8-8B4A-11D0-8D11-00A0C91BC942}") = "Bai5", "Bai5\Bai5.vcxproj", "{8A7062CB-89EC-4689-9350-9E738F51DD4B}"
EndProject
Project("{8BC9CEB8-8B4A-11D0-8D11-00A0C91BC942}") = "Bai6", "Bai6\Bai6.vcxproj", "{3C3886F2-D93B-4680-AEBA-86A79E746F35}"
EndProject
Project("{8BC9CEB8-8B4A-11D0-8D11-00A0C91BC942}") = "Bai7", "Bai7\Bai7.vcxproj", "{64557244-E1FF-4CBA-B6DC-788B1C71DEF8}"
EndProject
Project("{8BC9CEB8-8B4A-11D0-8D11-00A0C91BC942}") = "Bai8", "Bai8\Bai8.vcxproj", "{639F8D83-A75B-4287-9318-CB74B317C7B3}"
EndProject
Global
	GlobalSection(SolutionConfigurationPlatforms) = preSolution
		Debug|x64 = Debug|x64
		Debug|x86 = Debug|x86
		Release|x64 = Release|x64
		Release|x86 = Release|x86
	EndGlobalSection
	GlobalSection(ProjectConfigurationPlatforms) = postSolution
		{A6BE551A-0A12-4BB8-A518-9295A142F433}.Debug|x64.ActiveCfg = Debug|x64
		{A6BE551A-0A12-4BB8-A518-9295A142F433}.Debug|x64.Build.0 = Debug|x64
		{A6BE551A-0A12-4BB8-A518-9295A142F433}.Debug|x86.ActiveCfg = Debug|Win32
		{A6BE551A-0A12-4BB8-A518-9295A142F433}.Debug|x86.Build.0 = Debug|Win32
		{A6BE551A-0A12-4BB8-A518-9295A142F433}.Release|x64.ActiveCfg = Release|x64
		{A6BE551A-0A12-4BB8-A518-9295A142F433}.Release|x64.Build.0 = Release|x64
		{A6BE551A-0A12-4BB8-A518-9295A142F433}.Release|x86.ActiveCfg = Release|Win32
		{A6BE551A-0A12-4BB8-A518-9295A142F433}.Release|x86.Build.0 = Release|Win32
		{2AF10248-3FBB-4FA8-ACC3-B59BC23552C9}.Debug|x64.ActiveCfg = Debug|x64
		{2AF10248-3FBB-4FA8-ACC3-B59BC23552C9}.Debug|x64.Build.0 = Debug|x64
		{2AF10248-3FBB-4FA8-ACC3-B59BC23552C9}.Debug|x86.ActiveCfg = Debug|Win32
		{2AF10248-3FBB-4FA8-ACC3-B59BC23552C9}.Debug|x86.Build.0 = Debug|Win32
		{2AF10248-3FBB-4FA8-ACC3-B59BC23552C9}.Release|x64.ActiveCfg = Release|x64
		{2AF10248-3FBB-4FA8-ACC3-B59BC23552C9}.Release|x64.Build.0 = Release|x64
		{2AF10248-3FBB-4FA8-ACC3-B59BC23552C9}.Release|x86.ActiveCfg = Release|Win32
		{2AF10248-3FBB-4FA8-ACC3-B59BC23552C9}.Release|x86.Build.0 = Release|Win32
		{7CC96580-2FDC-4803-8610-882352BFE347}.Debug|x64.ActiveCfg = Debug|x64
		{7CC96580-2FDC-4803-8610-882352BFE347}.Debug|x64.Build.0 = Debug|x64
		{7CC96580-2FDC-4803-8610-882352BFE347}.Debug|x86.ActiveCfg = Debug|Win32
		{7CC96580-2FDC-4803-8610-882352BFE347}.Debug|x86.Build.0 = Debug|Win32
		{7CC96580-2FDC-4803-8610-882352BFE347}.Release|x64.ActiveCfg = Release|x64
		{7CC96580-2FDC-4803-8610-882352BFE347}.Release|x64.Build.0 = Release|x64
		{7CC96580-2FDC-4803-8610-882352BFE347}.Release|x86.ActiveCfg = Release|Win32
		{7CC96580-2FDC-4803-8610-882352BFE347}.Release|x86.Build.0 = Release|Win32
		{A4A2D6FE-1987-42CA-8386-E0F43DBD87DD}.Debug|x64.ActiveCfg = Debug|x64
		{A4A2D6FE-1987-42CA-8386-E0F43DBD87DD}.Debug|x64.Build.0 = Debug|x64
		{A4A2D6FE-1987-42CA-8386-E0F43DBD87DD}.Debug|x86.ActiveCfg = Debug|Win32
		{A4A2D6FE-1987-42CA-8386-E0F43DBD87DD}.Debug|x86.Build.0 = Debug|Win32
		{A4A2D6FE-1987-42CA-8386-E0F43DBD87DD}.Release|x64.ActiveCfg = Release|x64
		{A4A2D6FE-1987-42CA-8386-E0F43DBD87DD}.Release|x64.Build.0 = Release|x64
		{A4A2D6FE-1987-42CA-8386-E0F43DBD87DD}.Release|x86.ActiveCfg = Release|Win32
		{A4A2D6FE-1987-42CA-8386-E0F43DBD87DD}.Release|x86.Build.0 = Release|Win32
		{8A7062CB-89EC-4689-9350-9E738F51DD4B}.Debug|x64.ActiveCfg = Debug|x64
		{8A7062CB-89EC-4689-9350-9E738F51DD4B}.Debug|x64.Build.0 = Debug|x64
		{8A7062CB-89EC-4689-9350-9E738F51DD4B}.Debug|x86.ActiveCfg = Debug|Win32
		{8A7062CB-89EC-4689-9350-9E738F51DD4B}.Debug|x86.Build.0 = Debug|Win32
		{8A7062CB-89EC-4689-9350-9E738F51DD4B}.Release|x64.ActiveCfg = Release|x64
		{8A7062CB-89EC-4689-9350-9E738F51DD4B}.Release|x64.Build.0 = Release|x64
		{8A7062CB-89EC-4689-9350-9E738F51DD4B}.Release|x86.ActiveCfg = Release|Win32
		{8A7062CB-89EC-4689-9350-9E738F51DD4B}.Release|x86.Build.0 = Release|Win32
		{3C3886F2-D93B-4680-AEBA-86A79E746F35}.Debug|x64.ActiveCfg = Debug|x64
		{3C3886F2-D93B-4680-AEBA-86A79E746F35}.Debug|x64.Build.0 = Debug|x64
		{3C3886F2-D93B-4680-AEBA-86A79E746F35}.Debug|x86.ActiveCfg = Debug|Win32
		{3C3886F2-D93B-4680-AEBA-86A79E746F35}.Debug|x86.Build.0 = Debug|Win32
		{3C3886F2-D93B-4680-AEBA-86A79E746F35}.Release|x64.ActiveCfg = Release|x64
		{3C3886F2-D93B-4680-AEBA-86A79E746F35}.Release|x64.Build.0 = Release|x64
		{3C3886F2-D93B-4680-AEBA-86A79E746F35}.Release|x86.ActiveCfg = Release|Win32
		{3C3886F2-D93B-4680-AEBA-86A79E746F35}.Release|x86.Build.0 = Release|Win32
		{64557244-E1FF-4CBA-B6DC-788B1C71DEF8}.Debug|x64.ActiveCfg = Debug|x64
		{64557244-E1FF-4CBA-B6DC-788B1C71DEF8}.Debug|x64.Build.0 = Debug|x64
		{64557244-E1FF-4CBA-B6DC-788B1C71DEF8}.Debug|x86.ActiveCfg = Debug|Win32
		{64557244-E1FF-4CBA-B6DC-788B1C71DEF8}.Debug|x86.Build.0 = Debug|Win32
		{64557244-E1FF-4CBA-B6DC-788B1C71DEF8}.Release|x64.ActiveCfg = Release|x64
		{64557244-E1FF-4CBA-B6DC-788B1C71DEF8}.Release|x64.Build.0 = Release|x64
		{64557244-E1FF-4CBA-B6DC-788B1C71DEF8}.Release|x86.ActiveCfg = Release|Win32
		{64557244-E1FF-4CBA-B6DC-788B1C71DEF8}.Release|x86.Build.0 = Release|Win32
		{639F8D83-A75B-4287-9318-CB74B317C7B3}.Debug|x64.ActiveCfg = Debug|x64
		{639F8D83-A75B-4287-9318-CB74B317C7B3}.Debug|x64.Build.0 = Debug|x64
		{639F8D83-A75B-4287-9318-CB74B317C7B3}.Debug|x86.ActiveCfg = Debug|Win32
		{639F8D83-A75B-4287-9318-CB74B317C7B3}.Debug|x86.Build.0 = Debug|Win32
		{639F8D83-A75B-4287-9318-CB74B317C7B3}.Release|x64.ActiveCfg = Release|x64
		{639F8D83-A75B-4287-9318-CB74B317C7B3}.Release|x64.Build.0 = Release|x64
		{639F8D83-A75B-4287-9318-CB74B317C7B3}.Release|x86.ActiveCfg = Release|Win32
		{639F8D83-A75B-4287-9318-CB74B317C7B3}.Release|x86.Build.0 = Release|Win32
	EndGlobalSection
	GlobalSection(SolutionProperties) = preSolution
		HideSolutionNode = FALSE
	EndGlobalSection
EndGlobal
